// !$*UTF8*$!
{
	archiveVersion = 1;
	classes = {
	};
	objectVersion = 46;
	objects = {

/* Begin PBXBuildFile section */
		7D14D2F01506DB430021EB43 /* UIKit.framework in Frameworks */ = {isa = PBXBuildFile; fileRef = 7D14D2EF1506DB430021EB43 /* UIKit.framework */; };
		7D14D2F21506DB430021EB43 /* Foundation.framework in Frameworks */ = {isa = PBXBuildFile; fileRef = 7D14D2F11506DB430021EB43 /* Foundation.framework */; };
		7D14D2F41506DB430021EB43 /* CoreGraphics.framework in Frameworks */ = {isa = PBXBuildFile; fileRef = 7D14D2F31506DB430021EB43 /* CoreGraphics.framework */; };
		7D14D2FA1506DB430021EB43 /* InfoPlist.strings in Resources */ = {isa = PBXBuildFile; fileRef = 7D14D2F81506DB430021EB43 /* InfoPlist.strings */; };
		7D14D2FC1506DB430021EB43 /* main.m in Sources */ = {isa = PBXBuildFile; fileRef = 7D14D2FB1506DB430021EB43 /* main.m */; };
		7D14D3001506DB430021EB43 /* AppDelegate.m in Sources */ = {isa = PBXBuildFile; fileRef = 7D14D2FF1506DB430021EB43 /* AppDelegate.m */; };
		7D14D3031506DB430021EB43 /* ViewController.m in Sources */ = {isa = PBXBuildFile; fileRef = 7D14D3021506DB430021EB43 /* ViewController.m */; };
		7D14D3061506DB430021EB43 /* ViewController.xib in Resources */ = {isa = PBXBuildFile; fileRef = 7D14D3041506DB430021EB43 /* ViewController.xib */; };
/* End PBXBuildFile section */

/* Begin PBXFileReference section */
		7D14D2EB1506DB430021EB43 /* Adventeur.app */ = {isa = PBXFileReference; explicitFileType = wrapper.application; includeInIndex = 0; path = Adventeur.app; sourceTree = BUILT_PRODUCTS_DIR; };
		7D14D2EF1506DB430021EB43 /* UIKit.framework */ = {isa = PBXFileReference; lastKnownFileType = wrapper.framework; name = UIKit.framework; path = System/Library/Frameworks/UIKit.framework; sourceTree = SDKROOT; };
		7D14D2F11506DB430021EB43 /* Foundation.framework */ = {isa = PBXFileReference; lastKnownFileType = wrapper.framework; name = Foundation.framework; path = System/Library/Frameworks/Foundation.framework; sourceTree = SDKROOT; };
		7D14D2F31506DB430021EB43 /* CoreGraphics.framework */ = {isa = PBXFileReference; lastKnownFileType = wrapper.framework; name = CoreGraphics.framework; path = System/Library/Frameworks/CoreGraphics.framework; sourceTree = SDKROOT; };
		7D14D2F71506DB430021EB43 /* Adventeur-Info.plist */ = {isa = PBXFileReference; lastKnownFileType = text.plist.xml; path = "Adventeur-Info.plist"; sourceTree = "<group>"; };
		7D14D2F91506DB430021EB43 /* en */ = {isa = PBXFileReference; lastKnownFileType = text.plist.strings; name = en; path = en.lproj/InfoPlist.strings; sourceTree = "<group>"; };
		7D14D2FB1506DB430021EB43 /* main.m */ = {isa = PBXFileReference; lastKnownFileType = sourcecode.c.objc; path = main.m; sourceTree = "<group>"; };
		7D14D2FD1506DB430021EB43 /* Adventeur-Prefix.pch */ = {isa = PBXFileReference; lastKnownFileType = sourcecode.c.h; path = "Adventeur-Prefix.pch"; sourceTree = "<group>"; };
		7D14D2FE1506DB430021EB43 /* AppDelegate.h */ = {isa = PBXFileReference; lastKnownFileType = sourcecode.c.h; path = AppDelegate.h; sourceTree = "<group>"; };
		7D14D2FF1506DB430021EB43 /* AppDelegate.m */ = {isa = PBXFileReference; lastKnownFileType = sourcecode.c.objc; path = AppDelegate.m; sourceTree = "<group>"; };
		7D14D3011506DB430021EB43 /* ViewController.h */ = {isa = PBXFileReference; lastKnownFileType = sourcecode.c.h; path = ViewController.h; sourceTree = "<group>"; };
		7D14D3021506DB430021EB43 /* ViewController.m */ = {isa = PBXFileReference; lastKnownFileType = sourcecode.c.objc; path = ViewController.m; sourceTree = "<group>"; };
		7D14D3051506DB430021EB43 /* en */ = {isa = PBXFileReference; lastKnownFileType = file.xib; name = en; path = en.lproj/ViewController.xib; sourceTree = "<group>"; };
/* End PBXFileReference section */

/* Begin PBXFrameworksBuildPhase section */
		7D14D2E81506DB430021EB43 /* Frameworks */ = {
			isa = PBXFrameworksBuildPhase;
			buildActionMask = 2147483647;
			files = (
				7D14D2F01506DB430021EB43 /* UIKit.framework in Frameworks */,
				7D14D2F21506DB430021EB43 /* Foundation.framework in Frameworks */,
				7D14D2F41506DB430021EB43 /* CoreGraphics.framework in Frameworks */,
			);
			runOnlyForDeploymentPostprocessing = 0;
		};
/* End PBXFrameworksBuildPhase section */

/* Begin PBXGroup section */
		7D14D2E01506DB430021EB43 = {
			isa = PBXGroup;
			children = (
				7D14D2F51506DB430021EB43 /* Adventeur */,
				7D14D2EE1506DB430021EB43 /* Frameworks */,
				7D14D2EC1506DB430021EB43 /* Products */,
			);
			sourceTree = "<group>";
		};
		7D14D2EC1506DB430021EB43 /* Products */ = {
			isa = PBXGroup;
			children = (
				7D14D2EB1506DB430021EB43 /* Adventeur.app */,
			);
			name = Products;
			sourceTree = "<group>";
		};
		7D14D2EE1506DB430021EB43 /* Frameworks */ = {
			isa = PBXGroup;
			children = (
				7D14D2EF1506DB430021EB43 /* UIKit.framework */,
				7D14D2F11506DB430021EB43 /* Foundation.framework */,
				7D14D2F31506DB430021EB43 /* CoreGraphics.framework */,
			);
			name = Frameworks;
			sourceTree = "<group>";
		};
		7D14D2F51506DB430021EB43 /* Adventeur */ = {
			isa = PBXGroup;
			children = (
				7D14D2FE1506DB430021EB43 /* AppDelegate.h */,
				7D14D2FF1506DB430021EB43 /* AppDelegate.m */,
				7D14D3011506DB430021EB43 /* ViewController.h */,
				7D14D3021506DB430021EB43 /* ViewController.m */,
				7D14D3041506DB430021EB43 /* ViewController.xib */,
				7D14D2F61506DB430021EB43 /* Supporting Files */,
			);
			path = Adventeur;
			sourceTree = "<group>";
		};
		7D14D2F61506DB430021EB43 /* Supporting Files */ = {
			isa = PBXGroup;
			children = (
				7D14D2F71506DB430021EB43 /* Adventeur-Info.plist */,
				7D14D2F81506DB430021EB43 /* InfoPlist.strings */,
				7D14D2FB1506DB430021EB43 /* main.m */,
				7D14D2FD1506DB430021EB43 /* Adventeur-Prefix.pch */,
			);
			name = "Supporting Files";
			sourceTree = "<group>";
		};
/* End PBXGroup section */

/* Begin PBXNativeTarget section */
		7D14D2EA1506DB430021EB43 /* Adventeur */ = {
			isa = PBXNativeTarget;
			buildConfigurationList = 7D14D3091506DB430021EB43 /* Build configuration list for PBXNativeTarget "Adventeur" */;
			buildPhases = (
				7D14D2E71506DB430021EB43 /* Sources */,
				7D14D2E81506DB430021EB43 /* Frameworks */,
				7D14D2E91506DB430021EB43 /* Resources */,
			);
			buildRules = (
			);
			dependencies = (
			);
			name = Adventeur;
			productName = Adventeur;
			productReference = 7D14D2EB1506DB430021EB43 /* Adventeur.app */;
			productType = "com.apple.product-type.application";
		};
/* End PBXNativeTarget section */

/* Begin PBXProject section */
		7D14D2E21506DB430021EB43 /* Project object */ = {
			isa = PBXProject;
			attributes = {
				LastUpgradeCheck = 0420;
			};
			buildConfigurationList = 7D14D2E51506DB430021EB43 /* Build configuration list for PBXProject "Adventeur" */;
			compatibilityVersion = "Xcode 3.2";
			developmentRegion = English;
			hasScannedForEncodings = 0;
			knownRegions = (
				en,
			);
			mainGroup = 7D14D2E01506DB430021EB43;
			productRefGroup = 7D14D2EC1506DB430021EB43 /* Products */;
			projectDirPath = "";
			projectRoot = "";
			targets = (
				7D14D2EA1506DB430021EB43 /* Adventeur */,
			);
		};
/* End PBXProject section */

/* Begin PBXResourcesBuildPhase section */
		7D14D2E91506DB430021EB43 /* Resources */ = {
			isa = PBXResourcesBuildPhase;
			buildActionMask = 2147483647;
			files = (
				7D14D2FA1506DB430021EB43 /* InfoPlist.strings in Resources */,
				7D14D3061506DB430021EB43 /* ViewController.xib in Resources */,
			);
			runOnlyForDeploymentPostprocessing = 0;
		};
/* End PBXResourcesBuildPhase section */

/* Begin PBXSourcesBuildPhase section */
		7D14D2E71506DB430021EB43 /* Sources */ = {
			isa = PBXSourcesBuildPhase;
			buildActionMask = 2147483647;
			files = (
				7D14D2FC1506DB430021EB43 /* main.m in Sources */,
				7D14D3001506DB430021EB43 /* AppDelegate.m in Sources */,
				7D14D3031506DB430021EB43 /* ViewController.m in Sources */,
			);
			runOnlyForDeploymentPostprocessing = 0;
		};
/* End PBXSourcesBuildPhase section */

/* Begin PBXVariantGroup section */
		7D14D2F81506DB430021EB43 /* InfoPlist.strings */ = {
			isa = PBXVariantGroup;
			children = (
				7D14D2F91506DB430021EB43 /* en */,
			);
			name = InfoPlist.strings;
			sourceTree = "<group>";
		};
		7D14D3041506DB430021EB43 /* ViewController.xib */ = {
			isa = PBXVariantGroup;
			children = (
				7D14D3051506DB430021EB43 /* en */,
			);
			name = ViewController.xib;
			sourceTree = "<group>";
		};
/* End PBXVariantGroup section */

/* Begin XCBuildConfiguration section */
		7D14D3071506DB430021EB43 /* Debug */ = {
			isa = XCBuildConfiguration;
			buildSettings = {
				ALWAYS_SEARCH_USER_PATHS = NO;
				ARCHS = "$(ARCHS_STANDARD_32_BIT)";
				"CODE_SIGN_IDENTITY[sdk=iphoneos*]" = "iPhone Developer";
				COPY_PHASE_STRIP = NO;
				GCC_C_LANGUAGE_STANDARD = gnu99;
				GCC_DYNAMIC_NO_PIC = NO;
				GCC_OPTIMIZATION_LEVEL = 0;
				GCC_PREPROCESSOR_DEFINITIONS = (
					"DEBUG=1",
					"$(inherited)",
				);
				GCC_SYMBOLS_PRIVATE_EXTERN = NO;
				GCC_VERSION = com.apple.compilers.llvm.clang.1_0;
				GCC_WARN_ABOUT_MISSING_PROTOTYPES = YES;
				GCC_WARN_ABOUT_RETURN_TYPE = YES;
				GCC_WARN_UNUSED_VARIABLE = YES;
				IPHONEOS_DEPLOYMENT_TARGET = 5.0;
				SDKROOT = iphoneos;
			};
			name = Debug;
		};
		7D14D3081506DB430021EB43 /* Release */ = {
			isa = XCBuildConfiguration;
			buildSettings = {
				ALWAYS_SEARCH_USER_PATHS = NO;
				ARCHS = "$(ARCHS_STANDARD_32_BIT)";
				"CODE_SIGN_IDENTITY[sdk=iphoneos*]" = "iPhone Developer";
				COPY_PHASE_STRIP = YES;
				GCC_C_LANGUAGE_STANDARD = gnu99;
				GCC_VERSION = com.apple.compilers.llvm.clang.1_0;
				GCC_WARN_ABOUT_MISSING_PROTOTYPES = YES;
				GCC_WARN_ABOUT_RETURN_TYPE = YES;
				GCC_WARN_UNUSED_VARIABLE = YES;
				IPHONEOS_DEPLOYMENT_TARGET = 5.0;
				OTHER_CFLAGS = "-DNS_BLOCK_ASSERTIONS=1";
				SDKROOT = iphoneos;
				VALIDATE_PRODUCT = YES;
			};
			name = Release;
		};
		7D14D30A1506DB430021EB43 /* Debug */ = {
			isa = XCBuildConfiguration;
			buildSettings = {
				GCC_PRECOMPILE_PREFIX_HEADER = YES;
				GCC_PREFIX_HEADER = "Adventeur/Adventeur-Prefix.pch";
				INFOPLIST_FILE = "Adventeur/Adventeur-Info.plist";
				PRODUCT_NAME = "$(TARGET_NAME)";
				WRAPPER_EXTENSION = app;
			};
			name = Debug;
		};
		7D14D30B1506DB430021EB43 /* Release */ = {
			isa = XCBuildConfiguration;
			buildSettings = {
				GCC_PRECOMPILE_PREFIX_HEADER = YES;
				GCC_PREFIX_HEADER = "Adventeur/Adventeur-Prefix.pch";
				INFOPLIST_FILE = "Adventeur/Adventeur-Info.plist";
				PRODUCT_NAME = "$(TARGET_NAME)";
				WRAPPER_EXTENSION = app;
			};
			name = Release;
		};
/* End XCBuildConfiguration section */

/* Begin XCConfigurationList section */
		7D14D2E51506DB430021EB43 /* Build configuration list for PBXProject "Adventeur" */ = {
			isa = XCConfigurationList;
			buildConfigurations = (
				7D14D3071506DB430021EB43 /* Debug */,
				7D14D3081506DB430021EB43 /* Release */,
			);
			defaultConfigurationIsVisible = 0;
			defaultConfigurationName = Release;
		};
		7D14D3091506DB430021EB43 /* Build configuration list for PBXNativeTarget "Adventeur" */ = {
			isa = XCConfigurationList;
			buildConfigurations = (
				7D14D30A1506DB430021EB43 /* Debug */,
				7D14D30B1506DB430021EB43 /* Release */,
			);
			defaultConfigurationIsVisible = 0;
		};
/* End XCConfigurationList section */
	};
	rootObject = 7D14D2E21506DB430021EB43 /* Project object */;
}
