// !$*UTF8*$!
{
	archiveVersion = 1;
	classes = {
	};
	objectVersion = 46;
	objects = {

/* Begin PBXBuildFile section */
		7D831D82150700070058D82E /* UIKit.framework in Frameworks */ = {isa = PBXBuildFile; fileRef = 7D831D81150700070058D82E /* UIKit.framework */; };
		7D831D84150700070058D82E /* Foundation.framework in Frameworks */ = {isa = PBXBuildFile; fileRef = 7D831D83150700070058D82E /* Foundation.framework */; };
		7D831D86150700070058D82E /* CoreGraphics.framework in Frameworks */ = {isa = PBXBuildFile; fileRef = 7D831D85150700070058D82E /* CoreGraphics.framework */; };
		7D831D8C150700070058D82E /* InfoPlist.strings in Resources */ = {isa = PBXBuildFile; fileRef = 7D831D8A150700070058D82E /* InfoPlist.strings */; };
		7D831D8E150700070058D82E /* main.m in Sources */ = {isa = PBXBuildFile; fileRef = 7D831D8D150700070058D82E /* main.m */; };
		7D831D92150700070058D82E /* AppDelegate.m in Sources */ = {isa = PBXBuildFile; fileRef = 7D831D91150700070058D82E /* AppDelegate.m */; };
		7D831D95150700070058D82E /* ViewController.m in Sources */ = {isa = PBXBuildFile; fileRef = 7D831D94150700070058D82E /* ViewController.m */; };
		7D831D98150700070058D82E /* ViewController.xib in Resources */ = {isa = PBXBuildFile; fileRef = 7D831D96150700070058D82E /* ViewController.xib */; };
		7D831DA11507002D0058D82E /* CheckinViewController.m in Sources */ = {isa = PBXBuildFile; fileRef = 7D831D9F1507002D0058D82E /* CheckinViewController.m */; };
		7D831DA21507002D0058D82E /* CheckinViewController.xib in Resources */ = {isa = PBXBuildFile; fileRef = 7D831DA01507002D0058D82E /* CheckinViewController.xib */; };
/* End PBXBuildFile section */

/* Begin PBXFileReference section */
		7D831D7D150700070058D82E /* AdventeurApp.app */ = {isa = PBXFileReference; explicitFileType = wrapper.application; includeInIndex = 0; path = AdventeurApp.app; sourceTree = BUILT_PRODUCTS_DIR; };
		7D831D81150700070058D82E /* UIKit.framework */ = {isa = PBXFileReference; lastKnownFileType = wrapper.framework; name = UIKit.framework; path = System/Library/Frameworks/UIKit.framework; sourceTree = SDKROOT; };
		7D831D83150700070058D82E /* Foundation.framework */ = {isa = PBXFileReference; lastKnownFileType = wrapper.framework; name = Foundation.framework; path = System/Library/Frameworks/Foundation.framework; sourceTree = SDKROOT; };
		7D831D85150700070058D82E /* CoreGraphics.framework */ = {isa = PBXFileReference; lastKnownFileType = wrapper.framework; name = CoreGraphics.framework; path = System/Library/Frameworks/CoreGraphics.framework; sourceTree = SDKROOT; };
		7D831D89150700070058D82E /* AdventeurApp-Info.plist */ = {isa = PBXFileReference; lastKnownFileType = text.plist.xml; path = "AdventeurApp-Info.plist"; sourceTree = "<group>"; };
		7D831D8B150700070058D82E /* en */ = {isa = PBXFileReference; lastKnownFileType = text.plist.strings; name = en; path = en.lproj/InfoPlist.strings; sourceTree = "<group>"; };
		7D831D8D150700070058D82E /* main.m */ = {isa = PBXFileReference; lastKnownFileType = sourcecode.c.objc; path = main.m; sourceTree = "<group>"; };
		7D831D8F150700070058D82E /* AdventeurApp-Prefix.pch */ = {isa = PBXFileReference; lastKnownFileType = sourcecode.c.h; path = "AdventeurApp-Prefix.pch"; sourceTree = "<group>"; };
		7D831D90150700070058D82E /* AppDelegate.h */ = {isa = PBXFileReference; lastKnownFileType = sourcecode.c.h; path = AppDelegate.h; sourceTree = "<group>"; };
		7D831D91150700070058D82E /* AppDelegate.m */ = {isa = PBXFileReference; lastKnownFileType = sourcecode.c.objc; path = AppDelegate.m; sourceTree = "<group>"; };
		7D831D93150700070058D82E /* ViewController.h */ = {isa = PBXFileReference; lastKnownFileType = sourcecode.c.h; path = ViewController.h; sourceTree = "<group>"; };
		7D831D94150700070058D82E /* ViewController.m */ = {isa = PBXFileReference; lastKnownFileType = sourcecode.c.objc; path = ViewController.m; sourceTree = "<group>"; };
		7D831D97150700070058D82E /* en */ = {isa = PBXFileReference; lastKnownFileType = file.xib; name = en; path = en.lproj/ViewController.xib; sourceTree = "<group>"; };
		7D831D9E1507002D0058D82E /* CheckinViewController.h */ = {isa = PBXFileReference; fileEncoding = 4; lastKnownFileType = sourcecode.c.h; path = CheckinViewController.h; sourceTree = "<group>"; };
		7D831D9F1507002D0058D82E /* CheckinViewController.m */ = {isa = PBXFileReference; fileEncoding = 4; lastKnownFileType = sourcecode.c.objc; path = CheckinViewController.m; sourceTree = "<group>"; };
		7D831DA01507002D0058D82E /* CheckinViewController.xib */ = {isa = PBXFileReference; fileEncoding = 4; lastKnownFileType = file.xib; path = CheckinViewController.xib; sourceTree = "<group>"; };
/* End PBXFileReference section */

/* Begin PBXFrameworksBuildPhase section */
		7D831D7A150700070058D82E /* Frameworks */ = {
			isa = PBXFrameworksBuildPhase;
			buildActionMask = 2147483647;
			files = (
				7D831D82150700070058D82E /* UIKit.framework in Frameworks */,
				7D831D84150700070058D82E /* Foundation.framework in Frameworks */,
				7D831D86150700070058D82E /* CoreGraphics.framework in Frameworks */,
			);
			runOnlyForDeploymentPostprocessing = 0;
		};
/* End PBXFrameworksBuildPhase section */

/* Begin PBXGroup section */
		7D831D72150700070058D82E = {
			isa = PBXGroup;
			children = (
				7D831D87150700070058D82E /* AdventeurApp */,
				7D831D80150700070058D82E /* Frameworks */,
				7D831D7E150700070058D82E /* Products */,
			);
			sourceTree = "<group>";
		};
		7D831D7E150700070058D82E /* Products */ = {
			isa = PBXGroup;
			children = (
				7D831D7D150700070058D82E /* AdventeurApp.app */,
			);
			name = Products;
			sourceTree = "<group>";
		};
		7D831D80150700070058D82E /* Frameworks */ = {
			isa = PBXGroup;
			children = (
				7D831D81150700070058D82E /* UIKit.framework */,
				7D831D83150700070058D82E /* Foundation.framework */,
				7D831D85150700070058D82E /* CoreGraphics.framework */,
			);
			name = Frameworks;
			sourceTree = "<group>";
		};
		7D831D87150700070058D82E /* AdventeurApp */ = {
			isa = PBXGroup;
			children = (
				7D831D90150700070058D82E /* AppDelegate.h */,
				7D831D91150700070058D82E /* AppDelegate.m */,
				7D831D93150700070058D82E /* ViewController.h */,
				7D831D94150700070058D82E /* ViewController.m */,
				7D831D96150700070058D82E /* ViewController.xib */,
				7D831D88150700070058D82E /* Supporting Files */,
				7D831D9E1507002D0058D82E /* CheckinViewController.h */,
				7D831D9F1507002D0058D82E /* CheckinViewController.m */,
				7D831DA01507002D0058D82E /* CheckinViewController.xib */,
			);
			path = AdventeurApp;
			sourceTree = "<group>";
		};
		7D831D88150700070058D82E /* Supporting Files */ = {
			isa = PBXGroup;
			children = (
				7D831D89150700070058D82E /* AdventeurApp-Info.plist */,
				7D831D8A150700070058D82E /* InfoPlist.strings */,
				7D831D8D150700070058D82E /* main.m */,
				7D831D8F150700070058D82E /* AdventeurApp-Prefix.pch */,
			);
			name = "Supporting Files";
			sourceTree = "<group>";
		};
/* End PBXGroup section */

/* Begin PBXNativeTarget section */
		7D831D7C150700070058D82E /* AdventeurApp */ = {
			isa = PBXNativeTarget;
			buildConfigurationList = 7D831D9B150700070058D82E /* Build configuration list for PBXNativeTarget "AdventeurApp" */;
			buildPhases = (
				7D831D79150700070058D82E /* Sources */,
				7D831D7A150700070058D82E /* Frameworks */,
				7D831D7B150700070058D82E /* Resources */,
			);
			buildRules = (
			);
			dependencies = (
			);
			name = AdventeurApp;
			productName = AdventeurApp;
			productReference = 7D831D7D150700070058D82E /* AdventeurApp.app */;
			productType = "com.apple.product-type.application";
		};
/* End PBXNativeTarget section */

/* Begin PBXProject section */
		7D831D74150700070058D82E /* Project object */ = {
			isa = PBXProject;
			attributes = {
				LastUpgradeCheck = 0420;
			};
			buildConfigurationList = 7D831D77150700070058D82E /* Build configuration list for PBXProject "AdventeurApp" */;
			compatibilityVersion = "Xcode 3.2";
			developmentRegion = English;
			hasScannedForEncodings = 0;
			knownRegions = (
				en,
			);
			mainGroup = 7D831D72150700070058D82E;
			productRefGroup = 7D831D7E150700070058D82E /* Products */;
			projectDirPath = "";
			projectRoot = "";
			targets = (
				7D831D7C150700070058D82E /* AdventeurApp */,
			);
		};
/* End PBXProject section */

/* Begin PBXResourcesBuildPhase section */
		7D831D7B150700070058D82E /* Resources */ = {
			isa = PBXResourcesBuildPhase;
			buildActionMask = 2147483647;
			files = (
				7D831D8C150700070058D82E /* InfoPlist.strings in Resources */,
				7D831D98150700070058D82E /* ViewController.xib in Resources */,
				7D831DA21507002D0058D82E /* CheckinViewController.xib in Resources */,
			);
			runOnlyForDeploymentPostprocessing = 0;
		};
/* End PBXResourcesBuildPhase section */

/* Begin PBXSourcesBuildPhase section */
		7D831D79150700070058D82E /* Sources */ = {
			isa = PBXSourcesBuildPhase;
			buildActionMask = 2147483647;
			files = (
				7D831D8E150700070058D82E /* main.m in Sources */,
				7D831D92150700070058D82E /* AppDelegate.m in Sources */,
				7D831D95150700070058D82E /* ViewController.m in Sources */,
				7D831DA11507002D0058D82E /* CheckinViewController.m in Sources */,
			);
			runOnlyForDeploymentPostprocessing = 0;
		};
/* End PBXSourcesBuildPhase section */

/* Begin PBXVariantGroup section */
		7D831D8A150700070058D82E /* InfoPlist.strings */ = {
			isa = PBXVariantGroup;
			children = (
				7D831D8B150700070058D82E /* en */,
			);
			name = InfoPlist.strings;
			sourceTree = "<group>";
		};
		7D831D96150700070058D82E /* ViewController.xib */ = {
			isa = PBXVariantGroup;
			children = (
				7D831D97150700070058D82E /* en */,
			);
			name = ViewController.xib;
			sourceTree = "<group>";
		};
/* End PBXVariantGroup section */

/* Begin XCBuildConfiguration section */
		7D831D99150700070058D82E /* Debug */ = {
			isa = XCBuildConfiguration;
			buildSettings = {
				ALWAYS_SEARCH_USER_PATHS = NO;
				ARCHS = "$(ARCHS_STANDARD_32_BIT)";
				"CODE_SIGN_IDENTITY[sdk=iphoneos*]" = "iPhone Developer";
				COPY_PHASE_STRIP = NO;
				GCC_C_LANGUAGE_STANDARD = gnu99;
				GCC_DYNAMIC_NO_PIC = NO;
				GCC_OPTIMIZATION_LEVEL = 0;
				GCC_PREPROCESSOR_DEFINITIONS = (
					"DEBUG=1",
					"$(inherited)",
				);
				GCC_SYMBOLS_PRIVATE_EXTERN = NO;
				GCC_VERSION = com.apple.compilers.llvm.clang.1_0;
				GCC_WARN_ABOUT_MISSING_PROTOTYPES = YES;
				GCC_WARN_ABOUT_RETURN_TYPE = YES;
				GCC_WARN_UNUSED_VARIABLE = YES;
				IPHONEOS_DEPLOYMENT_TARGET = 5.0;
				SDKROOT = iphoneos;
			};
			name = Debug;
		};
		7D831D9A150700070058D82E /* Release */ = {
			isa = XCBuildConfiguration;
			buildSettings = {
				ALWAYS_SEARCH_USER_PATHS = NO;
				ARCHS = "$(ARCHS_STANDARD_32_BIT)";
				"CODE_SIGN_IDENTITY[sdk=iphoneos*]" = "iPhone Developer";
				COPY_PHASE_STRIP = YES;
				GCC_C_LANGUAGE_STANDARD = gnu99;
				GCC_VERSION = com.apple.compilers.llvm.clang.1_0;
				GCC_WARN_ABOUT_MISSING_PROTOTYPES = YES;
				GCC_WARN_ABOUT_RETURN_TYPE = YES;
				GCC_WARN_UNUSED_VARIABLE = YES;
				IPHONEOS_DEPLOYMENT_TARGET = 5.0;
				OTHER_CFLAGS = "-DNS_BLOCK_ASSERTIONS=1";
				SDKROOT = iphoneos;
				VALIDATE_PRODUCT = YES;
			};
			name = Release;
		};
		7D831D9C150700070058D82E /* Debug */ = {
			isa = XCBuildConfiguration;
			buildSettings = {
				GCC_PRECOMPILE_PREFIX_HEADER = YES;
				GCC_PREFIX_HEADER = "AdventeurApp/AdventeurApp-Prefix.pch";
				INFOPLIST_FILE = "AdventeurApp/AdventeurApp-Info.plist";
				PRODUCT_NAME = "$(TARGET_NAME)";
				WRAPPER_EXTENSION = app;
			};
			name = Debug;
		};
		7D831D9D150700070058D82E /* Release */ = {
			isa = XCBuildConfiguration;
			buildSettings = {
				GCC_PRECOMPILE_PREFIX_HEADER = YES;
				GCC_PREFIX_HEADER = "AdventeurApp/AdventeurApp-Prefix.pch";
				INFOPLIST_FILE = "AdventeurApp/AdventeurApp-Info.plist";
				PRODUCT_NAME = "$(TARGET_NAME)";
				WRAPPER_EXTENSION = app;
			};
			name = Release;
		};
/* End XCBuildConfiguration section */

/* Begin XCConfigurationList section */
		7D831D77150700070058D82E /* Build configuration list for PBXProject "AdventeurApp" */ = {
			isa = XCConfigurationList;
			buildConfigurations = (
				7D831D99150700070058D82E /* Debug */,
				7D831D9A150700070058D82E /* Release */,
			);
			defaultConfigurationIsVisible = 0;
			defaultConfigurationName = Release;
		};
		7D831D9B150700070058D82E /* Build configuration list for PBXNativeTarget "AdventeurApp" */ = {
			isa = XCConfigurationList;
			buildConfigurations = (
				7D831D9C150700070058D82E /* Debug */,
				7D831D9D150700070058D82E /* Release */,
			);
			defaultConfigurationIsVisible = 0;
		};
/* End XCConfigurationList section */
	};
	rootObject = 7D831D74150700070058D82E /* Project object */;
}
